
Microsoft Visual Studio Solution File, Format Version 12.00
# Visual Studio Version 16
VisualStudioVersion = 16.0.29409.12
MinimumVisualStudioVersion = 10.0.40219.1
Project("{FAE04EC0-301F-11D3-BF4B-00C04F79EFBC}") = "testtomegIndex", "testtomegIndex.csproj", "{4FD7EC35-C7FE-4E09-A165-D2E5A7339703}"
EndProject
Global
	GlobalSection(SolutionConfigurationPlatforms) = preSolution
		Debug|Any CPU = Debug|Any CPU
		Release|Any CPU = Release|Any CPU
	EndGlobalSection
	GlobalSection(ProjectConfigurationPlatforms) = postSolution
		{4FD7EC35-C7FE-4E09-A165-D2E5A7339703}.Debug|Any CPU.ActiveCfg = Debug|Any CPU
		{4FD7EC35-C7FE-4E09-A165-D2E5A7339703}.Debug|Any CPU.Build.0 = Debug|Any CPU
		{4FD7EC35-C7FE-4E09-A165-D2E5A7339703}.Release|Any CPU.ActiveCfg = Release|Any CPU
		{4FD7EC35-C7FE-4E09-A165-D2E5A7339703}.Release|Any CPU.Build.0 = Release|Any CPU
	EndGlobalSection
	GlobalSection(SolutionProperties) = preSolution
		HideSolutionNode = FALSE
	EndGlobalSection
	GlobalSection(ExtensibilityGlobals) = postSolution
		SolutionGuid = {D06EE62F-0E55-47CD-BF84-79FCDA9869C8}
	EndGlobalSection
EndGlobal
